
Microsoft Visual Studio Solution File, Format Version 12.00
Project("{FAE04EC0-301F-11D3-BF4B-00C04F79EFBC}") = "DzGlow", "DzGlow\DzGlow.csproj", "{145EEB2F-7392-44B1-9D2D-ABDA629EAD50}"
EndProject
Global
	GlobalSection(SolutionConfigurationPlatforms) = preSolution
		Debug|Any CPU = Debug|Any CPU
		Release|Any CPU = Release|Any CPU
	EndGlobalSection
	GlobalSection(ProjectConfigurationPlatforms) = postSolution
		{145EEB2F-7392-44B1-9D2D-ABDA629EAD50}.Debug|Any CPU.ActiveCfg = Debug|Any CPU
		{145EEB2F-7392-44B1-9D2D-ABDA629EAD50}.Debug|Any CPU.Build.0 = Debug|Any CPU
		{145EEB2F-7392-44B1-9D2D-ABDA629EAD50}.Release|Any CPU.ActiveCfg = Release|Any CPU
		{145EEB2F-7392-44B1-9D2D-ABDA629EAD50}.Release|Any CPU.Build.0 = Release|Any CPU
	EndGlobalSection
EndGlobal
